{
  "version": 4,
  "terraform_version": "1.13.3",
  "serial": 20,
  "lineage": "bf49dced-73b0-1b2a-8f92-c4174b0c344e",
  "outputs": {
    "accounting_qualified_arn": {
      "value": "arn:aws:lambda:us-east-1:664603945217:function:cf-bandwidth-accounting:2",
      "type": "string"
    },
    "cloudfront_distribution_id": {
      "value": "E2HWZQGHIVF7CP",
      "type": "string"
    },
    "dynamodb_table_arn": {
      "value": "arn:aws:dynamodb:us-east-1:664603945217:table/cloudfront_bandwidth",
      "type": "string"
    },
    "dynamodb_table_name": {
      "value": "cloudfront_bandwidth",
      "type": "string"
    },
    "gatekeeper_qualified_arn": {
      "value": "arn:aws:lambda:us-east-1:664603945217:function:cf-bandwidth-gatekeeper:4",
      "type": "string"
    },
    "iam_role_arn": {
      "value": "arn:aws:iam::664603945217:role/cloudfront-bandwidth-limiter",
      "type": "string"
    }
  },
  "resources": [
    {
      "mode": "data",
      "type": "archive_file",
      "name": "viewer_request",
      "provider": "provider[\"registry.terraform.io/hashicorp/archive\"]",
      "instances": [
        {
          "schema_version": 0,
          "attributes": {
            "exclude_symlink_directories": null,
            "excludes": [
              "package-lock.json",
              "package.json"
            ],
            "id": "d09d7bf65b7fd160a9e3cff730751c1150c4cded",
            "output_base64sha256": "p/r+sxpgA4V73VOve0ngjznrw15S0ap5FTyf3N9oNCg=",
            "output_base64sha512": "uJQUUIAnmpBHwFS3qadWNjhIX7VSl3cEZGQrBa/nsgCrWSORNz/QCQNJ4Edtl3DJYTl2r1x/b6lJcSr3ABnOEA==",
            "output_file_mode": null,
            "output_md5": "0c7b0437655267eb242949706278ab8e",
            "output_path": "./dist/viewer-request.zip",
            "output_sha": "d09d7bf65b7fd160a9e3cff730751c1150c4cded",
            "output_sha256": "a7fafeb31a6003857bdd53af7b49e08f39ebc35e52d1aa79153c9fdcdf683428",
            "output_sha512": "b894145080279a9047c054b7a9a7563638485fb55297770464642b05afe7b200ab592391373fd0090349e0476d9770c9613976af5c7f6fa949712af70019ce10",
            "output_size": 3084912,
            "source": [],
            "source_content": null,
            "source_content_filename": null,
            "source_dir": "./../viewer-request",
            "source_file": null,
            "type": "zip"
          },
          "sensitive_attributes": [],
          "identity_schema_version": 0
        }
      ]
    },
    {
      "mode": "data",
      "type": "archive_file",
      "name": "viewer_response",
      "provider": "provider[\"registry.terraform.io/hashicorp/archive\"]",
      "instances": [
        {
          "schema_version": 0,
          "attributes": {
            "exclude_symlink_directories": null,
            "excludes": [
              "package-lock.json",
              "package.json"
            ],
            "id": "06e1333a5f5336339a6470c3919d3abc8261204d",
            "output_base64sha256": "nENoa/VkEBTLdMWhdkqHu2AeIymXrnxOLaSoxWv7H00=",
            "output_base64sha512": "kF1S8kTuVbWNnvs3h52Y+wlK5Mxg6iE5aS0+geF3zm0qdJUzKJGjyxZZB3V+ZRYgUIgwBYwW40Su/gkDwyf5MQ==",
            "output_file_mode": null,
            "output_md5": "4d8e11bbd88a77cda943c98f722b60bb",
            "output_path": "./dist/viewer-response.zip",
            "output_sha": "06e1333a5f5336339a6470c3919d3abc8261204d",
            "output_sha256": "9c43686bf5641014cb74c5a1764a87bb601e232997ae7c4e2da4a8c56bfb1f4d",
            "output_sha512": "905d52f244ee55b58d9efb37879d98fb094ae4cc60ea2139692d3e81e177ce6d2a7495332891a3cb165907757e651620508830058c16e344aefe0903c327f931",
            "output_size": 3084980,
            "source": [],
            "source_content": null,
            "source_content_filename": null,
            "source_dir": "./../viewer-response",
            "source_file": null,
            "type": "zip"
          },
          "sensitive_attributes": [],
          "identity_schema_version": 0
        }
      ]
    },
    {
      "mode": "data",
      "type": "aws_caller_identity",
      "name": "current",
      "provider": "provider[\"registry.terraform.io/hashicorp/aws\"]",
      "instances": [
        {
          "schema_version": 0,
          "attributes": {
            "account_id": "664603945217",
            "arn": "arn:aws:sts::664603945217:assumed-role/talha-dev-role/talha-session",
            "id": "664603945217",
            "user_id": "AROAZVPL3NEAW7U3VTRIQ:talha-session"
          },
          "sensitive_attributes": [],
          "identity_schema_version": 0
        }
      ]
    },
    {
      "mode": "managed",
      "type": "aws_dynamodb_table",
      "name": "cloudfront_bandwidth",
      "provider": "provider[\"registry.terraform.io/hashicorp/aws\"]",
      "instances": [
        {
          "schema_version": 1,
          "attributes": {
            "arn": "arn:aws:dynamodb:us-east-1:664603945217:table/cloudfront_bandwidth",
            "attribute": [
              {
                "name": "pk",
                "type": "S"
              }
            ],
            "billing_mode": "PAY_PER_REQUEST",
            "deletion_protection_enabled": false,
            "global_secondary_index": [],
            "hash_key": "pk",
            "id": "cloudfront_bandwidth",
            "import_table": [],
            "local_secondary_index": [],
            "name": "cloudfront_bandwidth",
            "on_demand_throughput": [],
            "point_in_time_recovery": [
              {
                "enabled": false,
                "recovery_period_in_days": 0
              }
            ],
            "range_key": null,
            "read_capacity": 0,
            "replica": [],
            "restore_date_time": null,
            "restore_source_name": null,
            "restore_source_table_arn": null,
            "restore_to_latest_time": null,
            "server_side_encryption": [],
            "stream_arn": "",
            "stream_enabled": false,
            "stream_label": "",
            "stream_view_type": "",
            "table_class": "STANDARD",
            "tags": {
              "Project": "sciunit",
              "Purpose": "CloudFront bandwidth tracking"
            },
            "tags_all": {
              "Project": "sciunit",
              "Purpose": "CloudFront bandwidth tracking"
            },
            "timeouts": null,
            "ttl": [
              {
                "attribute_name": "",
                "enabled": false
              }
            ],
            "write_capacity": 0
          },
          "sensitive_attributes": [],
          "identity_schema_version": 0,
          "private": "eyJlMmJmYjczMC1lY2FhLTExZTYtOGY4OC0zNDM2M2JjN2M0YzAiOnsiY3JlYXRlIjoxODAwMDAwMDAwMDAwLCJkZWxldGUiOjYwMDAwMDAwMDAwMCwidXBkYXRlIjozNjAwMDAwMDAwMDAwfSwic2NoZW1hX3ZlcnNpb24iOiIxIn0="
        }
      ]
    },
    {
      "mode": "managed",
      "type": "aws_iam_role",
      "name": "lambda_edge",
      "provider": "provider[\"registry.terraform.io/hashicorp/aws\"]",
      "instances": [
        {
          "schema_version": 0,
          "attributes": {
            "arn": "arn:aws:iam::664603945217:role/cloudfront-bandwidth-limiter",
            "assume_role_policy": "{\"Statement\":[{\"Action\":\"sts:AssumeRole\",\"Effect\":\"Allow\",\"Principal\":{\"Service\":[\"lambda.amazonaws.com\",\"edgelambda.amazonaws.com\"]}}],\"Version\":\"2012-10-17\"}",
            "create_date": "2026-02-10T18:16:05Z",
            "description": "",
            "force_detach_policies": false,
            "id": "cloudfront-bandwidth-limiter",
            "inline_policy": [
              {
                "name": "cloudfront-bandwidth-limiter-policy",
                "policy": "{\"Version\":\"2012-10-17\",\"Statement\":[{\"Action\":[\"dynamodb:GetItem\",\"dynamodb:UpdateItem\"],\"Effect\":\"Allow\",\"Resource\":\"arn:aws:dynamodb:us-east-1:664603945217:table/cloudfront_bandwidth\"},{\"Action\":[\"logs:CreateLogGroup\",\"logs:CreateLogStream\",\"logs:PutLogEvents\"],\"Effect\":\"Allow\",\"Resource\":\"arn:aws:logs:*:664603945217:*\"}]}"
              }
            ],
            "managed_policy_arns": [],
            "max_session_duration": 3600,
            "name": "cloudfront-bandwidth-limiter",
            "name_prefix": "",
            "path": "/",
            "permissions_boundary": "",
            "tags": {
              "Project": "sciunit"
            },
            "tags_all": {
              "Project": "sciunit"
            },
            "unique_id": "AROAZVPL3NEA7EPQ4W3NK"
          },
          "sensitive_attributes": [],
          "identity_schema_version": 0,
          "private": "bnVsbA=="
        }
      ]
    },
    {
      "mode": "managed",
      "type": "aws_iam_role_policy",
      "name": "lambda_edge",
      "provider": "provider[\"registry.terraform.io/hashicorp/aws\"]",
      "instances": [
        {
          "schema_version": 0,
          "attributes": {
            "id": "cloudfront-bandwidth-limiter:cloudfront-bandwidth-limiter-policy",
            "name": "cloudfront-bandwidth-limiter-policy",
            "name_prefix": "",
            "policy": "{\"Version\":\"2012-10-17\",\"Statement\":[{\"Action\":[\"dynamodb:GetItem\",\"dynamodb:UpdateItem\"],\"Effect\":\"Allow\",\"Resource\":\"arn:aws:dynamodb:us-east-1:664603945217:table/cloudfront_bandwidth\"},{\"Action\":[\"logs:CreateLogGroup\",\"logs:CreateLogStream\",\"logs:PutLogEvents\"],\"Effect\":\"Allow\",\"Resource\":\"arn:aws:logs:*:664603945217:*\"}]}",
            "role": "cloudfront-bandwidth-limiter"
          },
          "sensitive_attributes": [],
          "identity_schema_version": 0,
          "private": "bnVsbA==",
          "dependencies": [
            "aws_dynamodb_table.cloudfront_bandwidth",
            "aws_iam_role.lambda_edge",
            "data.aws_caller_identity.current"
          ]
        }
      ]
    },
    {
      "mode": "managed",
      "type": "aws_lambda_function",
      "name": "accounting",
      "provider": "provider[\"registry.terraform.io/hashicorp/aws\"]",
      "instances": [
        {
          "schema_version": 0,
          "attributes": {
            "architectures": [
              "x86_64"
            ],
            "arn": "arn:aws:lambda:us-east-1:664603945217:function:cf-bandwidth-accounting",
            "code_sha256": "nENoa/VkEBTLdMWhdkqHu2AeIymXrnxOLaSoxWv7H00=",
            "code_signing_config_arn": "",
            "dead_letter_config": [],
            "description": "CloudFront viewer-response: tracks bytes served for monthly bandwidth accounting",
            "environment": [],
            "ephemeral_storage": [
              {
                "size": 512
              }
            ],
            "file_system_config": [],
            "filename": "./dist/viewer-response.zip",
            "function_name": "cf-bandwidth-accounting",
            "handler": "index.handler",
            "id": "cf-bandwidth-accounting",
            "image_config": [],
            "image_uri": "",
            "invoke_arn": "arn:aws:apigateway:us-east-1:lambda:path/2015-03-31/functions/arn:aws:lambda:us-east-1:664603945217:function:cf-bandwidth-accounting/invocations",
            "kms_key_arn": "",
            "last_modified": "2026-02-10T18:35:13.000+0000",
            "layers": [],
            "logging_config": [
              {
                "application_log_level": "",
                "log_format": "Text",
                "log_group": "/aws/lambda/cf-bandwidth-accounting",
                "system_log_level": ""
              }
            ],
            "memory_size": 128,
            "package_type": "Zip",
            "publish": true,
            "qualified_arn": "arn:aws:lambda:us-east-1:664603945217:function:cf-bandwidth-accounting:2",
            "qualified_invoke_arn": "arn:aws:apigateway:us-east-1:lambda:path/2015-03-31/functions/arn:aws:lambda:us-east-1:664603945217:function:cf-bandwidth-accounting:2/invocations",
            "replace_security_groups_on_destroy": null,
            "replacement_security_group_ids": null,
            "reserved_concurrent_executions": -1,
            "role": "arn:aws:iam::664603945217:role/cloudfront-bandwidth-limiter",
            "runtime": "nodejs20.x",
            "s3_bucket": null,
            "s3_key": null,
            "s3_object_version": null,
            "signing_job_arn": "",
            "signing_profile_version_arn": "",
            "skip_destroy": false,
            "snap_start": [],
            "source_code_hash": "nENoa/VkEBTLdMWhdkqHu2AeIymXrnxOLaSoxWv7H00=",
            "source_code_size": 3084980,
            "tags": {
              "Project": "sciunit"
            },
            "tags_all": {
              "Project": "sciunit"
            },
            "timeout": 5,
            "timeouts": null,
            "tracing_config": [
              {
                "mode": "PassThrough"
              }
            ],
            "version": "2",
            "vpc_config": []
          },
          "sensitive_attributes": [],
          "identity_schema_version": 0,
          "private": "eyJlMmJmYjczMC1lY2FhLTExZTYtOGY4OC0zNDM2M2JjN2M0YzAiOnsiY3JlYXRlIjo2MDAwMDAwMDAwMDAsImRlbGV0ZSI6NjAwMDAwMDAwMDAwLCJ1cGRhdGUiOjYwMDAwMDAwMDAwMH19",
          "dependencies": [
            "aws_iam_role.lambda_edge",
            "data.archive_file.viewer_response"
          ]
        }
      ]
    },
    {
      "mode": "managed",
      "type": "aws_lambda_function",
      "name": "gatekeeper",
      "provider": "provider[\"registry.terraform.io/hashicorp/aws\"]",
      "instances": [
        {
          "schema_version": 0,
          "attributes": {
            "architectures": [
              "x86_64"
            ],
            "arn": "arn:aws:lambda:us-east-1:664603945217:function:cf-bandwidth-gatekeeper",
            "code_sha256": "p/r+sxpgA4V73VOve0ngjznrw15S0ap5FTyf3N9oNCg=",
            "code_signing_config_arn": "",
            "dead_letter_config": [],
            "description": "CloudFront viewer-request: blocks downloads when monthly bandwidth limit is exceeded",
            "environment": [],
            "ephemeral_storage": [
              {
                "size": 512
              }
            ],
            "file_system_config": [],
            "filename": "./dist/viewer-request.zip",
            "function_name": "cf-bandwidth-gatekeeper",
            "handler": "index.handler",
            "id": "cf-bandwidth-gatekeeper",
            "image_config": [],
            "image_uri": "",
            "invoke_arn": "arn:aws:apigateway:us-east-1:lambda:path/2015-03-31/functions/arn:aws:lambda:us-east-1:664603945217:function:cf-bandwidth-gatekeeper/invocations",
            "kms_key_arn": "",
            "last_modified": "2026-02-10T21:18:20.000+0000",
            "layers": [],
            "logging_config": [
              {
                "application_log_level": "",
                "log_format": "Text",
                "log_group": "/aws/lambda/cf-bandwidth-gatekeeper",
                "system_log_level": ""
              }
            ],
            "memory_size": 128,
            "package_type": "Zip",
            "publish": true,
            "qualified_arn": "arn:aws:lambda:us-east-1:664603945217:function:cf-bandwidth-gatekeeper:4",
            "qualified_invoke_arn": "arn:aws:apigateway:us-east-1:lambda:path/2015-03-31/functions/arn:aws:lambda:us-east-1:664603945217:function:cf-bandwidth-gatekeeper:4/invocations",
            "replace_security_groups_on_destroy": null,
            "replacement_security_group_ids": null,
            "reserved_concurrent_executions": -1,
            "role": "arn:aws:iam::664603945217:role/cloudfront-bandwidth-limiter",
            "runtime": "nodejs20.x",
            "s3_bucket": null,
            "s3_key": null,
            "s3_object_version": null,
            "signing_job_arn": "",
            "signing_profile_version_arn": "",
            "skip_destroy": false,
            "snap_start": [],
            "source_code_hash": "p/r+sxpgA4V73VOve0ngjznrw15S0ap5FTyf3N9oNCg=",
            "source_code_size": 3084912,
            "tags": {
              "Project": "sciunit"
            },
            "tags_all": {
              "Project": "sciunit"
            },
            "timeout": 5,
            "timeouts": null,
            "tracing_config": [
              {
                "mode": "PassThrough"
              }
            ],
            "version": "4",
            "vpc_config": []
          },
          "sensitive_attributes": [],
          "identity_schema_version": 0,
          "private": "eyJlMmJmYjczMC1lY2FhLTExZTYtOGY4OC0zNDM2M2JjN2M0YzAiOnsiY3JlYXRlIjo2MDAwMDAwMDAwMDAsImRlbGV0ZSI6NjAwMDAwMDAwMDAwLCJ1cGRhdGUiOjYwMDAwMDAwMDAwMH19",
          "dependencies": [
            "aws_iam_role.lambda_edge",
            "data.archive_file.viewer_request"
          ]
        }
      ]
    },
    {
      "mode": "managed",
      "type": "null_resource",
      "name": "attach_lambda_edge",
      "provider": "provider[\"registry.terraform.io/hashicorp/null\"]",
      "instances": [
        {
          "schema_version": 0,
          "attributes": {
            "id": "6665986102345189486",
            "triggers": {
              "accounting_arn": "arn:aws:lambda:us-east-1:664603945217:function:cf-bandwidth-accounting:2",
              "distribution": "E2HWZQGHIVF7CP",
              "gatekeeper_arn": "arn:aws:lambda:us-east-1:664603945217:function:cf-bandwidth-gatekeeper:4"
            }
          },
          "sensitive_attributes": [],
          "identity_schema_version": 0,
          "dependencies": [
            "aws_iam_role.lambda_edge",
            "aws_lambda_function.accounting",
            "aws_lambda_function.gatekeeper",
            "data.archive_file.viewer_request",
            "data.archive_file.viewer_response"
          ]
        }
      ]
    }
  ],
  "check_results": null
}
